
Microsoft Visual Studio Solution File, Format Version 12.00
# Visual Studio Version 16
VisualStudioVersion = 16.0.31605.320
MinimumVisualStudioVersion = 10.0.40219.1
Project("{9A19103F-16F7-4668-BE54-9A1E7A4F7556}") = "pkNX.Randomization", "pkNX.Randomization\pkNX.Randomization.csproj", "{77E3FEBB-9C86-4F8D-B4E0-66B7504080D5}"
	ProjectSection(ProjectDependencies) = postProject
		{01447516-8382-4E9B-8B6C-92FF0A2D0CBF} = {01447516-8382-4E9B-8B6C-92FF0A2D0CBF}
		{2A909229-C9C0-42CE-88E0-72D9AF84AFE3} = {2A909229-C9C0-42CE-88E0-72D9AF84AFE3}
	EndProjectSection
EndProject
Project("{9A19103F-16F7-4668-BE54-9A1E7A4F7556}") = "pkNX.Structures", "pkNX.Structures\pkNX.Structures.csproj", "{01447516-8382-4E9B-8B6C-92FF0A2D0CBF}"
EndProject
Project("{9A19103F-16F7-4668-BE54-9A1E7A4F7556}") = "pkNX.Containers", "pkNX.Containers\pkNX.Containers.csproj", "{2A909229-C9C0-42CE-88E0-72D9AF84AFE3}"
EndProject
Project("{9A19103F-16F7-4668-BE54-9A1E7A4F7556}") = "pkNX.WinForms", "pkNX.WinForms\pkNX.WinForms.csproj", "{3CF3FA3E-B38E-4774-BA77-924A391DDC9D}"
	ProjectSection(ProjectDependencies) = postProject
		{01447516-8382-4E9B-8B6C-92FF0A2D0CBF} = {01447516-8382-4E9B-8B6C-92FF0A2D0CBF}
		{2A909229-C9C0-42CE-88E0-72D9AF84AFE3} = {2A909229-C9C0-42CE-88E0-72D9AF84AFE3}
		{77E3FEBB-9C86-4F8D-B4E0-66B7504080D5} = {77E3FEBB-9C86-4F8D-B4E0-66B7504080D5}
	EndProjectSection
EndProject
Project("{9A19103F-16F7-4668-BE54-9A1E7A4F7556}") = "pkNX.Tests", "pkNX.Tests\pkNX.Tests.csproj", "{6CF919B7-BA0F-4A04-899B-6C8CAB343B86}"
EndProject
Project("{9A19103F-16F7-4668-BE54-9A1E7A4F7556}") = "pkNX.Game", "pkNX.Game\pkNX.Game.csproj", "{3C4AF1ED-7C81-4AF8-A6DB-1D397650DA0A}"
EndProject
Project("{9A19103F-16F7-4668-BE54-9A1E7A4F7556}") = "pkNX.Sprites", "pkNX.Sprites\pkNX.Sprites.csproj", "{55D82546-3DDA-42E1-9A24-F6A08EE231B0}"
EndProject
Project("{FAE04EC0-301F-11D3-BF4B-00C04F79EFBC}") = "pkNX.Structures.FlatBuffers", "pkNX.Structures.FlatBuffers\pkNX.Structures.FlatBuffers.csproj", "{83E23C09-6DB8-459C-B68B-08FE4EAAC86C}"
EndProject
Global
	GlobalSection(SolutionConfigurationPlatforms) = preSolution
		Debug|Any CPU = Debug|Any CPU
		Release|Any CPU = Release|Any CPU
	EndGlobalSection
	GlobalSection(ProjectConfigurationPlatforms) = postSolution
		{77E3FEBB-9C86-4F8D-B4E0-66B7504080D5}.Debug|Any CPU.ActiveCfg = Debug|Any CPU
		{77E3FEBB-9C86-4F8D-B4E0-66B7504080D5}.Debug|Any CPU.Build.0 = Debug|Any CPU
		{77E3FEBB-9C86-4F8D-B4E0-66B7504080D5}.Release|Any CPU.ActiveCfg = Release|Any CPU
		{77E3FEBB-9C86-4F8D-B4E0-66B7504080D5}.Release|Any CPU.Build.0 = Release|Any CPU
		{01447516-8382-4E9B-8B6C-92FF0A2D0CBF}.Debug|Any CPU.ActiveCfg = Debug|Any CPU
		{01447516-8382-4E9B-8B6C-92FF0A2D0CBF}.Debug|Any CPU.Build.0 = Debug|Any CPU
		{01447516-8382-4E9B-8B6C-92FF0A2D0CBF}.Release|Any CPU.ActiveCfg = Release|Any CPU
		{01447516-8382-4E9B-8B6C-92FF0A2D0CBF}.Release|Any CPU.Build.0 = Release|Any CPU
		{2A909229-C9C0-42CE-88E0-72D9AF84AFE3}.Debug|Any CPU.ActiveCfg = Debug|Any CPU
		{2A909229-C9C0-42CE-88E0-72D9AF84AFE3}.Debug|Any CPU.Build.0 = Debug|Any CPU
		{2A909229-C9C0-42CE-88E0-72D9AF84AFE3}.Release|Any CPU.ActiveCfg = Release|Any CPU
		{2A909229-C9C0-42CE-88E0-72D9AF84AFE3}.Release|Any CPU.Build.0 = Release|Any CPU
		{3CF3FA3E-B38E-4774-BA77-924A391DDC9D}.Debug|Any CPU.ActiveCfg = Debug|Any CPU
		{3CF3FA3E-B38E-4774-BA77-924A391DDC9D}.Debug|Any CPU.Build.0 = Debug|Any CPU
		{3CF3FA3E-B38E-4774-BA77-924A391DDC9D}.Release|Any CPU.ActiveCfg = Release|Any CPU
		{3CF3FA3E-B38E-4774-BA77-924A391DDC9D}.Release|Any CPU.Build.0 = Release|Any CPU
		{6CF919B7-BA0F-4A04-899B-6C8CAB343B86}.Debug|Any CPU.ActiveCfg = Debug|Any CPU
		{6CF919B7-BA0F-4A04-899B-6C8CAB343B86}.Debug|Any CPU.Build.0 = Debug|Any CPU
		{6CF919B7-BA0F-4A04-899B-6C8CAB343B86}.Release|Any CPU.ActiveCfg = Release|Any CPU
		{6CF919B7-BA0F-4A04-899B-6C8CAB343B86}.Release|Any CPU.Build.0 = Release|Any CPU
		{3C4AF1ED-7C81-4AF8-A6DB-1D397650DA0A}.Debug|Any CPU.ActiveCfg = Debug|Any CPU
		{3C4AF1ED-7C81-4AF8-A6DB-1D397650DA0A}.Debug|Any CPU.Build.0 = Debug|Any CPU
		{3C4AF1ED-7C81-4AF8-A6DB-1D397650DA0A}.Release|Any CPU.ActiveCfg = Release|Any CPU
		{3C4AF1ED-7C81-4AF8-A6DB-1D397650DA0A}.Release|Any CPU.Build.0 = Release|Any CPU
		{55D82546-3DDA-42E1-9A24-F6A08EE231B0}.Debug|Any CPU.ActiveCfg = Debug|Any CPU
		{55D82546-3DDA-42E1-9A24-F6A08EE231B0}.Debug|Any CPU.Build.0 = Debug|Any CPU
		{55D82546-3DDA-42E1-9A24-F6A08EE231B0}.Release|Any CPU.ActiveCfg = Release|Any CPU
		{55D82546-3DDA-42E1-9A24-F6A08EE231B0}.Release|Any CPU.Build.0 = Release|Any CPU
		{83E23C09-6DB8-459C-B68B-08FE4EAAC86C}.Debug|Any CPU.ActiveCfg = Debug|Any CPU
		{83E23C09-6DB8-459C-B68B-08FE4EAAC86C}.Debug|Any CPU.Build.0 = Debug|Any CPU
		{83E23C09-6DB8-459C-B68B-08FE4EAAC86C}.Release|Any CPU.ActiveCfg = Release|Any CPU
		{83E23C09-6DB8-459C-B68B-08FE4EAAC86C}.Release|Any CPU.Build.0 = Release|Any CPU
	EndGlobalSection
	GlobalSection(SolutionProperties) = preSolution
		HideSolutionNode = FALSE
	EndGlobalSection
	GlobalSection(ExtensibilityGlobals) = postSolution
		SolutionGuid = {3EB083E9-2376-4061-91EB-BA8DC7F2712F}
	EndGlobalSection
EndGlobal
